// !$*UTF8*$!
{
	archiveVersion = 1;
	classes = {
	};
	objectVersion = 56;
	objects = {

/* Begin PBXBuildFile section */
		F3F414892B97C87400F13393 /* Profile_PageApp.swift in Sources */ = {isa = PBXBuildFile; fileRef = F3F414882B97C87400F13393 /* Profile_PageApp.swift */; };
		F3F4148B2B97C87400F13393 /* ContentView.swift in Sources */ = {isa = PBXBuildFile; fileRef = F3F4148A2B97C87400F13393 /* ContentView.swift */; };
		F3F4148D2B97C87500F13393 /* Assets.xcassets in Resources */ = {isa = PBXBuildFile; fileRef = F3F4148C2B97C87500F13393 /* Assets.xcassets */; };
		F3F414902B97C87500F13393 /* Preview Assets.xcassets in Resources */ = {isa = PBXBuildFile; fileRef = F3F4148F2B97C87500F13393 /* Preview Assets.xcassets */; };
		F3F4149A2B97C87500F13393 /* Profile_PageTests.swift in Sources */ = {isa = PBXBuildFile; fileRef = F3F414992B97C87500F13393 /* Profile_PageTests.swift */; };
		F3F414A42B97C87500F13393 /* Profile_PageUITests.swift in Sources */ = {isa = PBXBuildFile; fileRef = F3F414A32B97C87500F13393 /* Profile_PageUITests.swift */; };
		F3F414A62B97C87500F13393 /* Profile_PageUITestsLaunchTests.swift in Sources */ = {isa = PBXBuildFile; fileRef = F3F414A52B97C87500F13393 /* Profile_PageUITestsLaunchTests.swift */; };
		F3F414B32B97D59100F13393 /* Styles.swift in Sources */ = {isa = PBXBuildFile; fileRef = F3F414B22B97D59100F13393 /* Styles.swift */; };
/* End PBXBuildFile section */

/* Begin PBXContainerItemProxy section */
		F3F414962B97C87500F13393 /* PBXContainerItemProxy */ = {
			isa = PBXContainerItemProxy;
			containerPortal = F3F4147D2B97C87400F13393 /* Project object */;
			proxyType = 1;
			remoteGlobalIDString = F3F414842B97C87400F13393;
			remoteInfo = "Profile Page";
		};
		F3F414A02B97C87500F13393 /* PBXContainerItemProxy */ = {
			isa = PBXContainerItemProxy;
			containerPortal = F3F4147D2B97C87400F13393 /* Project object */;
			proxyType = 1;
			remoteGlobalIDString = F3F414842B97C87400F13393;
			remoteInfo = "Profile Page";
		};
/* End PBXContainerItemProxy section */

/* Begin PBXFileReference section */
		F3F414852B97C87400F13393 /* Profile Page.app */ = {isa = PBXFileReference; explicitFileType = wrapper.application; includeInIndex = 0; path = "Profile Page.app"; sourceTree = BUILT_PRODUCTS_DIR; };
		F3F414882B97C87400F13393 /* Profile_PageApp.swift */ = {isa = PBXFileReference; lastKnownFileType = sourcecode.swift; path = Profile_PageApp.swift; sourceTree = "<group>"; };
		F3F4148A2B97C87400F13393 /* ContentView.swift */ = {isa = PBXFileReference; lastKnownFileType = sourcecode.swift; path = ContentView.swift; sourceTree = "<group>"; };
		F3F4148C2B97C87500F13393 /* Assets.xcassets */ = {isa = PBXFileReference; lastKnownFileType = folder.assetcatalog; path = Assets.xcassets; sourceTree = "<group>"; };
		F3F4148F2B97C87500F13393 /* Preview Assets.xcassets */ = {isa = PBXFileReference; lastKnownFileType = folder.assetcatalog; path = "Preview Assets.xcassets"; sourceTree = "<group>"; };
		F3F414952B97C87500F13393 /* Profile PageTests.xctest */ = {isa = PBXFileReference; explicitFileType = wrapper.cfbundle; includeInIndex = 0; path = "Profile PageTests.xctest"; sourceTree = BUILT_PRODUCTS_DIR; };
		F3F414992B97C87500F13393 /* Profile_PageTests.swift */ = {isa = PBXFileReference; lastKnownFileType = sourcecode.swift; path = Profile_PageTests.swift; sourceTree = "<group>"; };
		F3F4149F2B97C87500F13393 /* Profile PageUITests.xctest */ = {isa = PBXFileReference; explicitFileType = wrapper.cfbundle; includeInIndex = 0; path = "Profile PageUITests.xctest"; sourceTree = BUILT_PRODUCTS_DIR; };
		F3F414A32B97C87500F13393 /* Profile_PageUITests.swift */ = {isa = PBXFileReference; lastKnownFileType = sourcecode.swift; path = Profile_PageUITests.swift; sourceTree = "<group>"; };
		F3F414A52B97C87500F13393 /* Profile_PageUITestsLaunchTests.swift */ = {isa = PBXFileReference; lastKnownFileType = sourcecode.swift; path = Profile_PageUITestsLaunchTests.swift; sourceTree = "<group>"; };
		F3F414B22B97D59100F13393 /* Styles.swift */ = {isa = PBXFileReference; lastKnownFileType = sourcecode.swift; path = Styles.swift; sourceTree = "<group>"; };
/* End PBXFileReference section */

/* Begin PBXFrameworksBuildPhase section */
		F3F414822B97C87400F13393 /* Frameworks */ = {
			isa = PBXFrameworksBuildPhase;
			buildActionMask = 2147483647;
			files = (
			);
			runOnlyForDeploymentPostprocessing = 0;
		};
		F3F414922B97C87500F13393 /* Frameworks */ = {
			isa = PBXFrameworksBuildPhase;
			buildActionMask = 2147483647;
			files = (
			);
			runOnlyForDeploymentPostprocessing = 0;
		};
		F3F4149C2B97C87500F13393 /* Frameworks */ = {
			isa = PBXFrameworksBuildPhase;
			buildActionMask = 2147483647;
			files = (
			);
			runOnlyForDeploymentPostprocessing = 0;
		};
/* End PBXFrameworksBuildPhase section */

/* Begin PBXGroup section */
		F3F4147C2B97C87400F13393 = {
			isa = PBXGroup;
			children = (
				F3F414872B97C87400F13393 /* Profile Page */,
				F3F414982B97C87500F13393 /* Profile PageTests */,
				F3F414A22B97C87500F13393 /* Profile PageUITests */,
				F3F414862B97C87400F13393 /* Products */,
			);
			sourceTree = "<group>";
		};
		F3F414862B97C87400F13393 /* Products */ = {
			isa = PBXGroup;
			children = (
				F3F414852B97C87400F13393 /* Profile Page.app */,
				F3F414952B97C87500F13393 /* Profile PageTests.xctest */,
				F3F4149F2B97C87500F13393 /* Profile PageUITests.xctest */,
			);
			name = Products;
			sourceTree = "<group>";
		};
		F3F414872B97C87400F13393 /* Profile Page */ = {
			isa = PBXGroup;
			children = (
				F3F414882B97C87400F13393 /* Profile_PageApp.swift */,
				F3F4148A2B97C87400F13393 /* ContentView.swift */,
				F3F414B22B97D59100F13393 /* Styles.swift */,
				F3F4148C2B97C87500F13393 /* Assets.xcassets */,
				F3F4148E2B97C87500F13393 /* Preview Content */,
			);
			path = "Profile Page";
			sourceTree = "<group>";
		};
		F3F4148E2B97C87500F13393 /* Preview Content */ = {
			isa = PBXGroup;
			children = (
				F3F4148F2B97C87500F13393 /* Preview Assets.xcassets */,
			);
			path = "Preview Content";
			sourceTree = "<group>";
		};
		F3F414982B97C87500F13393 /* Profile PageTests */ = {
			isa = PBXGroup;
			children = (
				F3F414992B97C87500F13393 /* Profile_PageTests.swift */,
			);
			path = "Profile PageTests";
			sourceTree = "<group>";
		};
		F3F414A22B97C87500F13393 /* Profile PageUITests */ = {
			isa = PBXGroup;
			children = (
				F3F414A32B97C87500F13393 /* Profile_PageUITests.swift */,
				F3F414A52B97C87500F13393 /* Profile_PageUITestsLaunchTests.swift */,
			);
			path = "Profile PageUITests";
			sourceTree = "<group>";
		};
/* End PBXGroup section */

/* Begin PBXNativeTarget section */
		F3F414842B97C87400F13393 /* Profile Page */ = {
			isa = PBXNativeTarget;
			buildConfigurationList = F3F414A92B97C87500F13393 /* Build configuration list for PBXNativeTarget "Profile Page" */;
			buildPhases = (
				F3F414812B97C87400F13393 /* Sources */,
				F3F414822B97C87400F13393 /* Frameworks */,
				F3F414832B97C87400F13393 /* Resources */,
			);
			buildRules = (
			);
			dependencies = (
			);
			name = "Profile Page";
			productName = "Profile Page";
			productReference = F3F414852B97C87400F13393 /* Profile Page.app */;
			productType = "com.apple.product-type.application";
		};
		F3F414942B97C87500F13393 /* Profile PageTests */ = {
			isa = PBXNativeTarget;
			buildConfigurationList = F3F414AC2B97C87500F13393 /* Build configuration list for PBXNativeTarget "Profile PageTests" */;
			buildPhases = (
				F3F414912B97C87500F13393 /* Sources */,
				F3F414922B97C87500F13393 /* Frameworks */,
				F3F414932B97C87500F13393 /* Resources */,
			);
			buildRules = (
			);
			dependencies = (
				F3F414972B97C87500F13393 /* PBXTargetDependency */,
			);
			name = "Profile PageTests";
			productName = "Profile PageTests";
			productReference = F3F414952B97C87500F13393 /* Profile PageTests.xctest */;
			productType = "com.apple.product-type.bundle.unit-test";
		};
		F3F4149E2B97C87500F13393 /* Profile PageUITests */ = {
			isa = PBXNativeTarget;
			buildConfigurationList = F3F414AF2B97C87500F13393 /* Build configuration list for PBXNativeTarget "Profile PageUITests" */;
			buildPhases = (
				F3F4149B2B97C87500F13393 /* Sources */,
				F3F4149C2B97C87500F13393 /* Frameworks */,
				F3F4149D2B97C87500F13393 /* Resources */,
			);
			buildRules = (
			);
			dependencies = (
				F3F414A12B97C87500F13393 /* PBXTargetDependency */,
			);
			name = "Profile PageUITests";
			productName = "Profile PageUITests";
			productReference = F3F4149F2B97C87500F13393 /* Profile PageUITests.xctest */;
			productType = "com.apple.product-type.bundle.ui-testing";
		};
/* End PBXNativeTarget section */

/* Begin PBXProject section */
		F3F4147D2B97C87400F13393 /* Project object */ = {
			isa = PBXProject;
			attributes = {
				BuildIndependentTargetsInParallel = 1;
				LastSwiftUpdateCheck = 1520;
				LastUpgradeCheck = 1520;
				TargetAttributes = {
					F3F414842B97C87400F13393 = {
						CreatedOnToolsVersion = 15.2;
					};
					F3F414942B97C87500F13393 = {
						CreatedOnToolsVersion = 15.2;
						TestTargetID = F3F414842B97C87400F13393;
					};
					F3F4149E2B97C87500F13393 = {
						CreatedOnToolsVersion = 15.2;
						TestTargetID = F3F414842B97C87400F13393;
					};
				};
			};
			buildConfigurationList = F3F414802B97C87400F13393 /* Build configuration list for PBXProject "Profile Page" */;
			compatibilityVersion = "Xcode 14.0";
			developmentRegion = en;
			hasScannedForEncodings = 0;
			knownRegions = (
				en,
				Base,
			);
			mainGroup = F3F4147C2B97C87400F13393;
			productRefGroup = F3F414862B97C87400F13393 /* Products */;
			projectDirPath = "";
			projectRoot = "";
			targets = (
				F3F414842B97C87400F13393 /* Profile Page */,
				F3F414942B97C87500F13393 /* Profile PageTests */,
				F3F4149E2B97C87500F13393 /* Profile PageUITests */,
			);
		};
/* End PBXProject section */

/* Begin PBXResourcesBuildPhase section */
		F3F414832B97C87400F13393 /* Resources */ = {
			isa = PBXResourcesBuildPhase;
			buildActionMask = 2147483647;
			files = (
				F3F414902B97C87500F13393 /* Preview Assets.xcassets in Resources */,
				F3F4148D2B97C87500F13393 /* Assets.xcassets in Resources */,
			);
			runOnlyForDeploymentPostprocessing = 0;
		};
		F3F414932B97C87500F13393 /* Resources */ = {
			isa = PBXResourcesBuildPhase;
			buildActionMask = 2147483647;
			files = (
			);
			runOnlyForDeploymentPostprocessing = 0;
		};
		F3F4149D2B97C87500F13393 /* Resources */ = {
			isa = PBXResourcesBuildPhase;
			buildActionMask = 2147483647;
			files = (
			);
			runOnlyForDeploymentPostprocessing = 0;
		};
/* End PBXResourcesBuildPhase section */

/* Begin PBXSourcesBuildPhase section */
		F3F414812B97C87400F13393 /* Sources */ = {
			isa = PBXSourcesBuildPhase;
			buildActionMask = 2147483647;
			files = (
				F3F4148B2B97C87400F13393 /* ContentView.swift in Sources */,
				F3F414B32B97D59100F13393 /* Styles.swift in Sources */,
				F3F414892B97C87400F13393 /* Profile_PageApp.swift in Sources */,
			);
			runOnlyForDeploymentPostprocessing = 0;
		};
		F3F414912B97C87500F13393 /* Sources */ = {
			isa = PBXSourcesBuildPhase;
			buildActionMask = 2147483647;
			files = (
				F3F4149A2B97C87500F13393 /* Profile_PageTests.swift in Sources */,
			);
			runOnlyForDeploymentPostprocessing = 0;
		};
		F3F4149B2B97C87500F13393 /* Sources */ = {
			isa = PBXSourcesBuildPhase;
			buildActionMask = 2147483647;
			files = (
				F3F414A42B97C87500F13393 /* Profile_PageUITests.swift in Sources */,
				F3F414A62B97C87500F13393 /* Profile_PageUITestsLaunchTests.swift in Sources */,
			);
			runOnlyForDeploymentPostprocessing = 0;
		};
/* End PBXSourcesBuildPhase section */

/* Begin PBXTargetDependency section */
		F3F414972B97C87500F13393 /* PBXTargetDependency */ = {
			isa = PBXTargetDependency;
			target = F3F414842B97C87400F13393 /* Profile Page */;
			targetProxy = F3F414962B97C87500F13393 /* PBXContainerItemProxy */;
		};
		F3F414A12B97C87500F13393 /* PBXTargetDependency */ = {
			isa = PBXTargetDependency;
			target = F3F414842B97C87400F13393 /* Profile Page */;
			targetProxy = F3F414A02B97C87500F13393 /* PBXContainerItemProxy */;
		};
/* End PBXTargetDependency section */

/* Begin XCBuildConfiguration section */
		F3F414A72B97C87500F13393 /* Debug */ = {
			isa = XCBuildConfiguration;
			buildSettings = {
				ALWAYS_SEARCH_USER_PATHS = NO;
				ASSETCATALOG_COMPILER_GENERATE_SWIFT_ASSET_SYMBOL_EXTENSIONS = YES;
				CLANG_ANALYZER_NONNULL = YES;
				CLANG_ANALYZER_NUMBER_OBJECT_CONVERSION = YES_AGGRESSIVE;
				CLANG_CXX_LANGUAGE_STANDARD = "gnu++20";
				CLANG_ENABLE_MODULES = YES;
				CLANG_ENABLE_OBJC_ARC = YES;
				CLANG_ENABLE_OBJC_WEAK = YES;
				CLANG_WARN_BLOCK_CAPTURE_AUTORELEASING = YES;
				CLANG_WARN_BOOL_CONVERSION = YES;
				CLANG_WARN_COMMA = YES;
				CLANG_WARN_CONSTANT_CONVERSION = YES;
				CLANG_WARN_DEPRECATED_OBJC_IMPLEMENTATIONS = YES;
				CLANG_WARN_DIRECT_OBJC_ISA_USAGE = YES_ERROR;
				CLANG_WARN_DOCUMENTATION_COMMENTS = YES;
				CLANG_WARN_EMPTY_BODY = YES;
				CLANG_WARN_ENUM_CONVERSION = YES;
				CLANG_WARN_INFINITE_RECURSION = YES;
				CLANG_WARN_INT_CONVERSION = YES;
				CLANG_WARN_NON_LITERAL_NULL_CONVERSION = YES;
				CLANG_WARN_OBJC_IMPLICIT_RETAIN_SELF = YES;
				CLANG_WARN_OBJC_LITERAL_CONVERSION = YES;
				CLANG_WARN_OBJC_ROOT_CLASS = YES_ERROR;
				CLANG_WARN_QUOTED_INCLUDE_IN_FRAMEWORK_HEADER = YES;
				CLANG_WARN_RANGE_LOOP_ANALYSIS = YES;
				CLANG_WARN_STRICT_PROTOTYPES = YES;
				CLANG_WARN_SUSPICIOUS_MOVE = YES;
				CLANG_WARN_UNGUARDED_AVAILABILITY = YES_AGGRESSIVE;
				CLANG_WARN_UNREACHABLE_CODE = YES;
				CLANG_WARN__DUPLICATE_METHOD_MATCH = YES;
				COPY_PHASE_STRIP = NO;
				DEBUG_INFORMATION_FORMAT = dwarf;
				ENABLE_STRICT_OBJC_MSGSEND = YES;
				ENABLE_TESTABILITY = YES;
				ENABLE_USER_SCRIPT_SANDBOXING = YES;
				GCC_C_LANGUAGE_STANDARD = gnu17;
				GCC_DYNAMIC_NO_PIC = NO;
				GCC_NO_COMMON_BLOCKS = YES;
				GCC_OPTIMIZATION_LEVEL = 0;
				GCC_PREPROCESSOR_DEFINITIONS = (
					"DEBUG=1",
					"$(inherited)",
				);
				GCC_WARN_64_TO_32_BIT_CONVERSION = YES;
				GCC_WARN_ABOUT_RETURN_TYPE = YES_ERROR;
				GCC_WARN_UNDECLARED_SELECTOR = YES;
				GCC_WARN_UNINITIALIZED_AUTOS = YES_AGGRESSIVE;
				GCC_WARN_UNUSED_FUNCTION = YES;
				GCC_WARN_UNUSED_VARIABLE = YES;
				IPHONEOS_DEPLOYMENT_TARGET = 17.2;
				LOCALIZATION_PREFERS_STRING_CATALOGS = YES;
				MTL_ENABLE_DEBUG_INFO = INCLUDE_SOURCE;
				MTL_FAST_MATH = YES;
				ONLY_ACTIVE_ARCH = YES;
				SDKROOT = iphoneos;
				SWIFT_ACTIVE_COMPILATION_CONDITIONS = "DEBUG $(inherited)";
				SWIFT_OPTIMIZATION_LEVEL = "-Onone";
			};
			name = Debug;
		};
		F3F414A82B97C87500F13393 /* Release */ = {
			isa = XCBuildConfiguration;
			buildSettings = {
				ALWAYS_SEARCH_USER_PATHS = NO;
				ASSETCATALOG_COMPILER_GENERATE_SWIFT_ASSET_SYMBOL_EXTENSIONS = YES;
				CLANG_ANALYZER_NONNULL = YES;
				CLANG_ANALYZER_NUMBER_OBJECT_CONVERSION = YES_AGGRESSIVE;
				CLANG_CXX_LANGUAGE_STANDARD = "gnu++20";
				CLANG_ENABLE_MODULES = YES;
				CLANG_ENABLE_OBJC_ARC = YES;
				CLANG_ENABLE_OBJC_WEAK = YES;
				CLANG_WARN_BLOCK_CAPTURE_AUTORELEASING = YES;
				CLANG_WARN_BOOL_CONVERSION = YES;
				CLANG_WARN_COMMA = YES;
				CLANG_WARN_CONSTANT_CONVERSION = YES;
				CLANG_WARN_DEPRECATED_OBJC_IMPLEMENTATIONS = YES;
				CLANG_WARN_DIRECT_OBJC_ISA_USAGE = YES_ERROR;
				CLANG_WARN_DOCUMENTATION_COMMENTS = YES;
				CLANG_WARN_EMPTY_BODY = YES;
				CLANG_WARN_ENUM_CONVERSION = YES;
				CLANG_WARN_INFINITE_RECURSION = YES;
				CLANG_WARN_INT_CONVERSION = YES;
				CLANG_WARN_NON_LITERAL_NULL_CONVERSION = YES;
				CLANG_WARN_OBJC_IMPLICIT_RETAIN_SELF = YES;
				CLANG_WARN_OBJC_LITERAL_CONVERSION = YES;
				CLANG_WARN_OBJC_ROOT_CLASS = YES_ERROR;
				CLANG_WARN_QUOTED_INCLUDE_IN_FRAMEWORK_HEADER = YES;
				CLANG_WARN_RANGE_LOOP_ANALYSIS = YES;
				CLANG_WARN_STRICT_PROTOTYPES = YES;
				CLANG_WARN_SUSPICIOUS_MOVE = YES;
				CLANG_WARN_UNGUARDED_AVAILABILITY = YES_AGGRESSIVE;
				CLANG_WARN_UNREACHABLE_CODE = YES;
				CLANG_WARN__DUPLICATE_METHOD_MATCH = YES;
				COPY_PHASE_STRIP = NO;
				DEBUG_INFORMATION_FORMAT = "dwarf-with-dsym";
				ENABLE_NS_ASSERTIONS = NO;
				ENABLE_STRICT_OBJC_MSGSEND = YES;
				ENABLE_USER_SCRIPT_SANDBOXING = YES;
				GCC_C_LANGUAGE_STANDARD = gnu17;
				GCC_NO_COMMON_BLOCKS = YES;
				GCC_WARN_64_TO_32_BIT_CONVERSION = YES;
				GCC_WARN_ABOUT_RETURN_TYPE = YES_ERROR;
				GCC_WARN_UNDECLARED_SELECTOR = YES;
				GCC_WARN_UNINITIALIZED_AUTOS = YES_AGGRESSIVE;
				GCC_WARN_UNUSED_FUNCTION = YES;
				GCC_WARN_UNUSED_VARIABLE = YES;
				IPHONEOS_DEPLOYMENT_TARGET = 17.2;
				LOCALIZATION_PREFERS_STRING_CATALOGS = YES;
				MTL_ENABLE_DEBUG_INFO = NO;
				MTL_FAST_MATH = YES;
				SDKROOT = iphoneos;
				SWIFT_COMPILATION_MODE = wholemodule;
				VALIDATE_PRODUCT = YES;
			};
			name = Release;
		};
		F3F414AA2B97C87500F13393 /* Debug */ = {
			isa = XCBuildConfiguration;
			buildSettings = {
				ASSETCATALOG_COMPILER_APPICON_NAME = AppIcon;
				ASSETCATALOG_COMPILER_GLOBAL_ACCENT_COLOR_NAME = AccentColor;
				CODE_SIGN_STYLE = Automatic;
				CURRENT_PROJECT_VERSION = 1;
				DEVELOPMENT_ASSET_PATHS = "\"Profile Page/Preview Content\"";
				ENABLE_PREVIEWS = YES;
				GENERATE_INFOPLIST_FILE = YES;
				INFOPLIST_KEY_UIApplicationSceneManifest_Generation = YES;
				INFOPLIST_KEY_UIApplicationSupportsIndirectInputEvents = YES;
				INFOPLIST_KEY_UILaunchScreen_Generation = YES;
				INFOPLIST_KEY_UISupportedInterfaceOrientations_iPad = "UIInterfaceOrientationPortrait UIInterfaceOrientationPortraitUpsideDown UIInterfaceOrientationLandscapeLeft UIInterfaceOrientationLandscapeRight";
				INFOPLIST_KEY_UISupportedInterfaceOrientations_iPhone = "UIInterfaceOrientationPortrait UIInterfaceOrientationLandscapeLeft UIInterfaceOrientationLandscapeRight";
				LD_RUNPATH_SEARCH_PATHS = (
					"$(inherited)",
					"@executable_path/Frameworks",
				);
				MARKETING_VERSION = 1.0;
				PRODUCT_BUNDLE_IDENTIFIER = "sample.Profile-Page";
				PRODUCT_NAME = "$(TARGET_NAME)";
				SWIFT_EMIT_LOC_STRINGS = YES;
				SWIFT_VERSION = 5.0;
				TARGETED_DEVICE_FAMILY = "1,2";
			};
			name = Debug;
		};
		F3F414AB2B97C87500F13393 /* Release */ = {
			isa = XCBuildConfiguration;
			buildSettings = {
				ASSETCATALOG_COMPILER_APPICON_NAME = AppIcon;
				ASSETCATALOG_COMPILER_GLOBAL_ACCENT_COLOR_NAME = AccentColor;
				CODE_SIGN_STYLE = Automatic;
				CURRENT_PROJECT_VERSION = 1;
				DEVELOPMENT_ASSET_PATHS = "\"Profile Page/Preview Content\"";
				ENABLE_PREVIEWS = YES;
				GENERATE_INFOPLIST_FILE = YES;
				INFOPLIST_KEY_UIApplicationSceneManifest_Generation = YES;
				INFOPLIST_KEY_UIApplicationSupportsIndirectInputEvents = YES;
				INFOPLIST_KEY_UILaunchScreen_Generation = YES;
				INFOPLIST_KEY_UISupportedInterfaceOrientations_iPad = "UIInterfaceOrientationPortrait UIInterfaceOrientationPortraitUpsideDown UIInterfaceOrientationLandscapeLeft UIInterfaceOrientationLandscapeRight";
				INFOPLIST_KEY_UISupportedInterfaceOrientations_iPhone = "UIInterfaceOrientationPortrait UIInterfaceOrientationLandscapeLeft UIInterfaceOrientationLandscapeRight";
				LD_RUNPATH_SEARCH_PATHS = (
					"$(inherited)",
					"@executable_path/Frameworks",
				);
				MARKETING_VERSION = 1.0;
				PRODUCT_BUNDLE_IDENTIFIER = "sample.Profile-Page";
				PRODUCT_NAME = "$(TARGET_NAME)";
				SWIFT_EMIT_LOC_STRINGS = YES;
				SWIFT_VERSION = 5.0;
				TARGETED_DEVICE_FAMILY = "1,2";
			};
			name = Release;
		};
		F3F414AD2B97C87500F13393 /* Debug */ = {
			isa = XCBuildConfiguration;
			buildSettings = {
				ALWAYS_EMBED_SWIFT_STANDARD_LIBRARIES = YES;
				BUNDLE_LOADER = "$(TEST_HOST)";
				CODE_SIGN_STYLE = Automatic;
				CURRENT_PROJECT_VERSION = 1;
				GENERATE_INFOPLIST_FILE = YES;
				IPHONEOS_DEPLOYMENT_TARGET = 17.2;
				MARKETING_VERSION = 1.0;
				PRODUCT_BUNDLE_IDENTIFIER = "sample.Profile-PageTests";
				PRODUCT_NAME = "$(TARGET_NAME)";
				SWIFT_EMIT_LOC_STRINGS = NO;
				SWIFT_VERSION = 5.0;
				TARGETED_DEVICE_FAMILY = "1,2";
				TEST_HOST = "$(BUILT_PRODUCTS_DIR)/Profile Page.app/$(BUNDLE_EXECUTABLE_FOLDER_PATH)/Profile Page";
			};
			name = Debug;
		};
		F3F414AE2B97C87500F13393 /* Release */ = {
			isa = XCBuildConfiguration;
			buildSettings = {
				ALWAYS_EMBED_SWIFT_STANDARD_LIBRARIES = YES;
				BUNDLE_LOADER = "$(TEST_HOST)";
				CODE_SIGN_STYLE = Automatic;
				CURRENT_PROJECT_VERSION = 1;
				GENERATE_INFOPLIST_FILE = YES;
				IPHONEOS_DEPLOYMENT_TARGET = 17.2;
				MARKETING_VERSION = 1.0;
				PRODUCT_BUNDLE_IDENTIFIER = "sample.Profile-PageTests";
				PRODUCT_NAME = "$(TARGET_NAME)";
				SWIFT_EMIT_LOC_STRINGS = NO;
				SWIFT_VERSION = 5.0;
				TARGETED_DEVICE_FAMILY = "1,2";
				TEST_HOST = "$(BUILT_PRODUCTS_DIR)/Profile Page.app/$(BUNDLE_EXECUTABLE_FOLDER_PATH)/Profile Page";
			};
			name = Release;
		};
		F3F414B02B97C87500F13393 /* Debug */ = {
			isa = XCBuildConfiguration;
			buildSettings = {
				ALWAYS_EMBED_SWIFT_STANDARD_LIBRARIES = YES;
				CODE_SIGN_STYLE = Automatic;
				CURRENT_PROJECT_VERSION = 1;
				GENERATE_INFOPLIST_FILE = YES;
				MARKETING_VERSION = 1.0;
				PRODUCT_BUNDLE_IDENTIFIER = "sample.Profile-PageUITests";
				PRODUCT_NAME = "$(TARGET_NAME)";
				SWIFT_EMIT_LOC_STRINGS = NO;
				SWIFT_VERSION = 5.0;
				TARGETED_DEVICE_FAMILY = "1,2";
				TEST_TARGET_NAME = "Profile Page";
			};
			name = Debug;
		};
		F3F414B12B97C87500F13393 /* Release */ = {
			isa = XCBuildConfiguration;
			buildSettings = {
				ALWAYS_EMBED_SWIFT_STANDARD_LIBRARIES = YES;
				CODE_SIGN_STYLE = Automatic;
				CURRENT_PROJECT_VERSION = 1;
				GENERATE_INFOPLIST_FILE = YES;
				MARKETING_VERSION = 1.0;
				PRODUCT_BUNDLE_IDENTIFIER = "sample.Profile-PageUITests";
				PRODUCT_NAME = "$(TARGET_NAME)";
				SWIFT_EMIT_LOC_STRINGS = NO;
				SWIFT_VERSION = 5.0;
				TARGETED_DEVICE_FAMILY = "1,2";
				TEST_TARGET_NAME = "Profile Page";
			};
			name = Release;
		};
/* End XCBuildConfiguration section */

/* Begin XCConfigurationList section */
		F3F414802B97C87400F13393 /* Build configuration list for PBXProject "Profile Page" */ = {
			isa = XCConfigurationList;
			buildConfigurations = (
				F3F414A72B97C87500F13393 /* Debug */,
				F3F414A82B97C87500F13393 /* Release */,
			);
			defaultConfigurationIsVisible = 0;
			defaultConfigurationName = Release;
		};
		F3F414A92B97C87500F13393 /* Build configuration list for PBXNativeTarget "Profile Page" */ = {
			isa = XCConfigurationList;
			buildConfigurations = (
				F3F414AA2B97C87500F13393 /* Debug */,
				F3F414AB2B97C87500F13393 /* Release */,
			);
			defaultConfigurationIsVisible = 0;
			defaultConfigurationName = Release;
		};
		F3F414AC2B97C87500F13393 /* Build configuration list for PBXNativeTarget "Profile PageTests" */ = {
			isa = XCConfigurationList;
			buildConfigurations = (
				F3F414AD2B97C87500F13393 /* Debug */,
				F3F414AE2B97C87500F13393 /* Release */,
			);
			defaultConfigurationIsVisible = 0;
			defaultConfigurationName = Release;
		};
		F3F414AF2B97C87500F13393 /* Build configuration list for PBXNativeTarget "Profile PageUITests" */ = {
			isa = XCConfigurationList;
			buildConfigurations = (
				F3F414B02B97C87500F13393 /* Debug */,
				F3F414B12B97C87500F13393 /* Release */,
			);
			defaultConfigurationIsVisible = 0;
			defaultConfigurationName = Release;
		};
/* End XCConfigurationList section */
	};
	rootObject = F3F4147D2B97C87400F13393 /* Project object */;
}
